// !$*UTF8*$!
{
	archiveVersion = 1;
	classes = {
	};
	objectVersion = 48;
	objects = {

/* Begin PBXBuildFile section */
		EC50918B204F1EFB00A0C155 /* conky in CopyFiles */ = {isa = PBXBuildFile; fileRef = EC509186204F1EA800A0C155 /* conky */; settings = {ATTRIBUTES = (CodeSignOnCopy, ); }; };
		EC923C2D20169A230019C772 /* Assets.xcassets in Resources */ = {isa = PBXBuildFile; fileRef = EC923C2C20169A230019C772 /* Assets.xcassets */; };
		EC923C3020169A230019C772 /* Main.storyboard in Resources */ = {isa = PBXBuildFile; fileRef = EC923C2E20169A230019C772 /* Main.storyboard */; };
		EC923C3320169A230019C772 /* main.m in Sources */ = {isa = PBXBuildFile; fileRef = EC923C3220169A230019C772 /* main.m */; };
/* End PBXBuildFile section */

/* Begin PBXContainerItemProxy section */
		EC509185204F1EA800A0C155 /* PBXContainerItemProxy */ = {
			isa = PBXContainerItemProxy;
			containerPortal = EC50917B204F1EA800A0C155 /* conky.xcodeproj */;
			proxyType = 2;
			remoteGlobalIDString = CE03C49931E14A8B8373644D;
			remoteInfo = conky;
		};
		EC509187204F1EEB00A0C155 /* PBXContainerItemProxy */ = {
			isa = PBXContainerItemProxy;
			containerPortal = EC50917B204F1EA800A0C155 /* conky.xcodeproj */;
			proxyType = 1;
			remoteGlobalIDString = A75DEEFB0B404B2DBA037ED0;
			remoteInfo = ALL_BUILD;
		};
		EC509189204F1EEF00A0C155 /* PBXContainerItemProxy */ = {
			isa = PBXContainerItemProxy;
			containerPortal = EC50917B204F1EA800A0C155 /* conky.xcodeproj */;
			proxyType = 1;
			remoteGlobalIDString = 80D5E124BE1944F4B13AB4D4;
			remoteInfo = conky;
		};
/* End PBXContainerItemProxy section */

/* Begin PBXCopyFilesBuildPhase section */
		EC8A7E872016A7370020AD23 /* CopyFiles */ = {
			isa = PBXCopyFilesBuildPhase;
			buildActionMask = 2147483647;
			dstPath = "";
			dstSubfolderSpec = 7;
			files = (
				EC50918B204F1EFB00A0C155 /* conky in CopyFiles */,
			);
			runOnlyForDeploymentPostprocessing = 0;
		};
/* End PBXCopyFilesBuildPhase section */

/* Begin PBXFileReference section */
		EC50917B204F1EA800A0C155 /* conky.xcodeproj */ = {isa = PBXFileReference; lastKnownFileType = "wrapper.pb-project"; name = conky.xcodeproj; path = "conky-for-macOS/forConkyX/conky.xcodeproj"; sourceTree = "<group>"; };
		EC923C2320169A230019C772 /* ConkyX.app */ = {isa = PBXFileReference; explicitFileType = wrapper.application; includeInIndex = 0; path = ConkyX.app; sourceTree = BUILT_PRODUCTS_DIR; };
		EC923C2C20169A230019C772 /* Assets.xcassets */ = {isa = PBXFileReference; lastKnownFileType = folder.assetcatalog; path = Assets.xcassets; sourceTree = "<group>"; };
		EC923C2F20169A230019C772 /* Base */ = {isa = PBXFileReference; lastKnownFileType = file.storyboard; name = Base; path = Base.lproj/Main.storyboard; sourceTree = "<group>"; };
		EC923C3120169A230019C772 /* Info.plist */ = {isa = PBXFileReference; lastKnownFileType = text.plist.xml; path = Info.plist; sourceTree = "<group>"; };
		EC923C3220169A230019C772 /* main.m */ = {isa = PBXFileReference; lastKnownFileType = sourcecode.c.objc; path = main.m; sourceTree = "<group>"; };
/* End PBXFileReference section */

/* Begin PBXGroup section */
		EC50917C204F1EA800A0C155 /* Products */ = {
			isa = PBXGroup;
			children = (
				EC509186204F1EA800A0C155 /* conky */,
			);
			name = Products;
			sourceTree = "<group>";
		};
		EC923C1A20169A230019C772 = {
			isa = PBXGroup;
			children = (
				EC50917B204F1EA800A0C155 /* conky.xcodeproj */,
				EC923C2520169A230019C772 /* ConkyX */,
				EC923C2420169A230019C772 /* Products */,
			);
			sourceTree = "<group>";
		};
		EC923C2420169A230019C772 /* Products */ = {
			isa = PBXGroup;
			children = (
				EC923C2320169A230019C772 /* ConkyX.app */,
			);
			name = Products;
			sourceTree = "<group>";
		};
		EC923C2520169A230019C772 /* ConkyX */ = {
			isa = PBXGroup;
			children = (
				EC923C2C20169A230019C772 /* Assets.xcassets */,
				EC923C2E20169A230019C772 /* Main.storyboard */,
				EC923C3120169A230019C772 /* Info.plist */,
				EC923C3220169A230019C772 /* main.m */,
			);
			path = ConkyX;
			sourceTree = "<group>";
		};
/* End PBXGroup section */

/* Begin PBXNativeTarget section */
		EC923C2220169A230019C772 /* ConkyX */ = {
			isa = PBXNativeTarget;
			buildConfigurationList = EC923C3720169A230019C772 /* Build configuration list for PBXNativeTarget "ConkyX" */;
			buildPhases = (
				EC923C1F20169A230019C772 /* Sources */,
				EC923C2120169A230019C772 /* Resources */,
				EC8A7E872016A7370020AD23 /* CopyFiles */,
			);
			buildRules = (
			);
			dependencies = (
				EC509188204F1EEB00A0C155 /* PBXTargetDependency */,
				EC50918A204F1EEF00A0C155 /* PBXTargetDependency */,
			);
			name = ConkyX;
			productName = ConkyX;
			productReference = EC923C2320169A230019C772 /* ConkyX.app */;
			productType = "com.apple.product-type.application";
		};
/* End PBXNativeTarget section */

/* Begin PBXProject section */
		EC923C1B20169A230019C772 /* Project object */ = {
			isa = PBXProject;
			attributes = {
				LastUpgradeCheck = 0920;
				ORGANIZATIONNAME = "Nikolas Pylarinos";
				TargetAttributes = {
					EC923C2220169A230019C772 = {
						CreatedOnToolsVersion = 9.2;
						ProvisioningStyle = Automatic;
					};
				};
			};
			buildConfigurationList = EC923C1E20169A230019C772 /* Build configuration list for PBXProject "ConkyX" */;
			compatibilityVersion = "Xcode 8.0";
			developmentRegion = en;
			hasScannedForEncodings = 0;
			knownRegions = (
				en,
				Base,
			);
			mainGroup = EC923C1A20169A230019C772;
			productRefGroup = EC923C2420169A230019C772 /* Products */;
			projectDirPath = "";
			projectReferences = (
				{
					ProductGroup = EC50917C204F1EA800A0C155 /* Products */;
					ProjectRef = EC50917B204F1EA800A0C155 /* conky.xcodeproj */;
				},
			);
			projectRoot = "";
			targets = (
				EC923C2220169A230019C772 /* ConkyX */,
			);
		};
/* End PBXProject section */

/* Begin PBXReferenceProxy section */
		EC509186204F1EA800A0C155 /* conky */ = {
			isa = PBXReferenceProxy;
			fileType = "compiled.mach-o.executable";
			path = conky;
			remoteRef = EC509185204F1EA800A0C155 /* PBXContainerItemProxy */;
			sourceTree = BUILT_PRODUCTS_DIR;
		};
/* End PBXReferenceProxy section */

/* Begin PBXResourcesBuildPhase section */
		EC923C2120169A230019C772 /* Resources */ = {
			isa = PBXResourcesBuildPhase;
			buildActionMask = 2147483647;
			files = (
				EC923C2D20169A230019C772 /* Assets.xcassets in Resources */,
				EC923C3020169A230019C772 /* Main.storyboard in Resources */,
			);
			runOnlyForDeploymentPostprocessing = 0;
		};
/* End PBXResourcesBuildPhase section */

/* Begin PBXSourcesBuildPhase section */
		EC923C1F20169A230019C772 /* Sources */ = {
			isa = PBXSourcesBuildPhase;
			buildActionMask = 2147483647;
			files = (
				EC923C3320169A230019C772 /* main.m in Sources */,
			);
			runOnlyForDeploymentPostprocessing = 0;
		};
/* End PBXSourcesBuildPhase section */

/* Begin PBXTargetDependency section */
		EC509188204F1EEB00A0C155 /* PBXTargetDependency */ = {
			isa = PBXTargetDependency;
			name = ALL_BUILD;
			targetProxy = EC509187204F1EEB00A0C155 /* PBXContainerItemProxy */;
		};
		EC50918A204F1EEF00A0C155 /* PBXTargetDependency */ = {
			isa = PBXTargetDependency;
			name = conky;
			targetProxy = EC509189204F1EEF00A0C155 /* PBXContainerItemProxy */;
		};
/* End PBXTargetDependency section */

/* Begin PBXVariantGroup section */
		EC923C2E20169A230019C772 /* Main.storyboard */ = {
			isa = PBXVariantGroup;
			children = (
				EC923C2F20169A230019C772 /* Base */,
			);
			name = Main.storyboard;
			sourceTree = "<group>";
		};
/* End PBXVariantGroup section */

/* Begin XCBuildConfiguration section */
		EC923C3520169A230019C772 /* Debug */ = {
			isa = XCBuildConfiguration;
			buildSettings = {
				ALWAYS_SEARCH_USER_PATHS = NO;
				CLANG_ANALYZER_NONNULL = YES;
				CLANG_ANALYZER_NUMBER_OBJECT_CONVERSION = YES_AGGRESSIVE;
				CLANG_CXX_LANGUAGE_STANDARD = "gnu++14";
				CLANG_CXX_LIBRARY = "libc++";
				CLANG_ENABLE_MODULES = YES;
				CLANG_ENABLE_OBJC_ARC = YES;
				CLANG_WARN_BLOCK_CAPTURE_AUTORELEASING = YES;
				CLANG_WARN_BOOL_CONVERSION = YES;
				CLANG_WARN_COMMA = YES;
				CLANG_WARN_CONSTANT_CONVERSION = YES;
				CLANG_WARN_DIRECT_OBJC_ISA_USAGE = YES_ERROR;
				CLANG_WARN_DOCUMENTATION_COMMENTS = YES;
				CLANG_WARN_EMPTY_BODY = YES;
				CLANG_WARN_ENUM_CONVERSION = YES;
				CLANG_WARN_INFINITE_RECURSION = YES;
				CLANG_WARN_INT_CONVERSION = YES;
				CLANG_WARN_NON_LITERAL_NULL_CONVERSION = YES;
				CLANG_WARN_OBJC_LITERAL_CONVERSION = YES;
				CLANG_WARN_OBJC_ROOT_CLASS = YES_ERROR;
				CLANG_WARN_RANGE_LOOP_ANALYSIS = YES;
				CLANG_WARN_STRICT_PROTOTYPES = YES;
				CLANG_WARN_SUSPICIOUS_MOVE = YES;
				CLANG_WARN_UNGUARDED_AVAILABILITY = YES_AGGRESSIVE;
				CLANG_WARN_UNREACHABLE_CODE = YES;
				CLANG_WARN__DUPLICATE_METHOD_MATCH = YES;
				CODE_SIGN_IDENTITY = "Mac Developer";
				COPY_PHASE_STRIP = NO;
				DEBUG_INFORMATION_FORMAT = dwarf;
				ENABLE_STRICT_OBJC_MSGSEND = YES;
				ENABLE_TESTABILITY = YES;
				GCC_C_LANGUAGE_STANDARD = gnu11;
				GCC_DYNAMIC_NO_PIC = NO;
				GCC_NO_COMMON_BLOCKS = YES;
				GCC_OPTIMIZATION_LEVEL = 0;
				GCC_PREPROCESSOR_DEFINITIONS = (
					"DEBUG=1",
					"$(inherited)",
				);
				GCC_WARN_64_TO_32_BIT_CONVERSION = YES;
				GCC_WARN_ABOUT_RETURN_TYPE = YES_ERROR;
				GCC_WARN_UNDECLARED_SELECTOR = YES;
				GCC_WARN_UNINITIALIZED_AUTOS = YES_AGGRESSIVE;
				GCC_WARN_UNUSED_FUNCTION = YES;
				GCC_WARN_UNUSED_VARIABLE = YES;
				MACOSX_DEPLOYMENT_TARGET = 10.9;
				MTL_ENABLE_DEBUG_INFO = YES;
				ONLY_ACTIVE_ARCH = YES;
				SDKROOT = macosx;
			};
			name = Debug;
		};
		EC923C3620169A230019C772 /* Release */ = {
			isa = XCBuildConfiguration;
			buildSettings = {
				ALWAYS_SEARCH_USER_PATHS = NO;
				CLANG_ANALYZER_NONNULL = YES;
				CLANG_ANALYZER_NUMBER_OBJECT_CONVERSION = YES_AGGRESSIVE;
				CLANG_CXX_LANGUAGE_STANDARD = "gnu++14";
				CLANG_CXX_LIBRARY = "libc++";
				CLANG_ENABLE_MODULES = YES;
				CLANG_ENABLE_OBJC_ARC = YES;
				CLANG_WARN_BLOCK_CAPTURE_AUTORELEASING = YES;
				CLANG_WARN_BOOL_CONVERSION = YES;
				CLANG_WARN_COMMA = YES;
				CLANG_WARN_CONSTANT_CONVERSION = YES;
				CLANG_WARN_DIRECT_OBJC_ISA_USAGE = YES_ERROR;
				CLANG_WARN_DOCUMENTATION_COMMENTS = YES;
				CLANG_WARN_EMPTY_BODY = YES;
				CLANG_WARN_ENUM_CONVERSION = YES;
				CLANG_WARN_INFINITE_RECURSION = YES;
				CLANG_WARN_INT_CONVERSION = YES;
				CLANG_WARN_NON_LITERAL_NULL_CONVERSION = YES;
				CLANG_WARN_OBJC_LITERAL_CONVERSION = YES;
				CLANG_WARN_OBJC_ROOT_CLASS = YES_ERROR;
				CLANG_WARN_RANGE_LOOP_ANALYSIS = YES;
				CLANG_WARN_STRICT_PROTOTYPES = YES;
				CLANG_WARN_SUSPICIOUS_MOVE = YES;
				CLANG_WARN_UNGUARDED_AVAILABILITY = YES_AGGRESSIVE;
				CLANG_WARN_UNREACHABLE_CODE = YES;
				CLANG_WARN__DUPLICATE_METHOD_MATCH = YES;
				CODE_SIGN_IDENTITY = "Mac Developer";
				COPY_PHASE_STRIP = NO;
				DEBUG_INFORMATION_FORMAT = "dwarf-with-dsym";
				ENABLE_NS_ASSERTIONS = NO;
				ENABLE_STRICT_OBJC_MSGSEND = YES;
				GCC_C_LANGUAGE_STANDARD = gnu11;
				GCC_NO_COMMON_BLOCKS = YES;
				GCC_WARN_64_TO_32_BIT_CONVERSION = YES;
				GCC_WARN_ABOUT_RETURN_TYPE = YES_ERROR;
				GCC_WARN_UNDECLARED_SELECTOR = YES;
				GCC_WARN_UNINITIALIZED_AUTOS = YES_AGGRESSIVE;
				GCC_WARN_UNUSED_FUNCTION = YES;
				GCC_WARN_UNUSED_VARIABLE = YES;
				MACOSX_DEPLOYMENT_TARGET = 10.9;
				MTL_ENABLE_DEBUG_INFO = NO;
				SDKROOT = macosx;
			};
			name = Release;
		};
		EC923C3820169A230019C772 /* Debug */ = {
			isa = XCBuildConfiguration;
			buildSettings = {
				ARCHS = "$(ARCHS_STANDARD)";
				ASSETCATALOG_COMPILER_APPICON_NAME = AppIcon;
				CODE_SIGN_IDENTITY = "Mac Developer";
				CODE_SIGN_STYLE = Automatic;
				COMBINE_HIDPI_IMAGES = YES;
				DEVELOPMENT_TEAM = CC63MSFH9N;
				FRAMEWORK_SEARCH_PATHS = (
					"$(inherited)",
					"$(PROJECT_DIR)/ConkyX",
					"$(PROJECT_DIR)/Frameworks",
					"$(PROJECT_DIR)/ConkyX/Frameworks",
				);
				INFOPLIST_FILE = ConkyX/Info.plist;
				LD_RUNPATH_SEARCH_PATHS = "$(inherited) @executable_path/../Frameworks";
				MACOSX_DEPLOYMENT_TARGET = 10.10;
				ONLY_ACTIVE_ARCH = YES;
				PRODUCT_BUNDLE_IDENTIFIER = npyl.developer.ConkyX;
				PRODUCT_NAME = "$(TARGET_NAME)";
				PROVISIONING_PROFILE_SPECIFIER = "";
				SDKROOT = macosx;
			};
			name = Debug;
		};
		EC923C3920169A230019C772 /* Release */ = {
			isa = XCBuildConfiguration;
			buildSettings = {
				ARCHS = "$(ARCHS_STANDARD)";
				ASSETCATALOG_COMPILER_APPICON_NAME = AppIcon;
				CODE_SIGN_IDENTITY = "Mac Developer";
				CODE_SIGN_STYLE = Automatic;
				COMBINE_HIDPI_IMAGES = YES;
				DEVELOPMENT_TEAM = CC63MSFH9N;
				FRAMEWORK_SEARCH_PATHS = (
					"$(inherited)",
					"$(PROJECT_DIR)/ConkyX",
					"$(PROJECT_DIR)/Frameworks",
					"$(PROJECT_DIR)/ConkyX/Frameworks",
				);
				INFOPLIST_FILE = ConkyX/Info.plist;
				LD_RUNPATH_SEARCH_PATHS = "$(inherited) @executable_path/../Frameworks";
				MACOSX_DEPLOYMENT_TARGET = 10.10;
				ONLY_ACTIVE_ARCH = YES;
				PRODUCT_BUNDLE_IDENTIFIER = npyl.developer.ConkyX;
				PRODUCT_NAME = "$(TARGET_NAME)";
				PROVISIONING_PROFILE_SPECIFIER = "";
				SDKROOT = macosx;
			};
			name = Release;
		};
/* End XCBuildConfiguration section */

/* Begin XCConfigurationList section */
		EC923C1E20169A230019C772 /* Build configuration list for PBXProject "ConkyX" */ = {
			isa = XCConfigurationList;
			buildConfigurations = (
				EC923C3520169A230019C772 /* Debug */,
				EC923C3620169A230019C772 /* Release */,
			);
			defaultConfigurationIsVisible = 0;
			defaultConfigurationName = Release;
		};
		EC923C3720169A230019C772 /* Build configuration list for PBXNativeTarget "ConkyX" */ = {
			isa = XCConfigurationList;
			buildConfigurations = (
				EC923C3820169A230019C772 /* Debug */,
				EC923C3920169A230019C772 /* Release */,
			);
			defaultConfigurationIsVisible = 0;
			defaultConfigurationName = Release;
		};
/* End XCConfigurationList section */
	};
	rootObject = EC923C1B20169A230019C772 /* Project object */;
}
